
Microsoft Visual Studio Solution File, Format Version 12.00
# Visual Studio 14
VisualStudioVersion = 14.0.25420.1
MinimumVisualStudioVersion = 10.0.40219.1
Project("{2150E333-8FDC-42A3-9474-1A3956D46DE8}") = "src", "src", "{500D65FF-1987-4295-8CB8-E36E671395EF}"
EndProject
Project("{2150E333-8FDC-42A3-9474-1A3956D46DE8}") = "Solution Items", "Solution Items", "{9F8F290D-B252-49C8-AB28-F0D2FBDD6C56}"
	ProjectSection(SolutionItems) = preProject
		global.json = global.json
	EndProjectSection
EndProject
Project("{8BB2217D-0F2D-49D1-97BC-3654ED321F3B}") = "QuickPay", "src\QuickPay\QuickPay.xproj", "{CA6A4CA0-2C39-42CE-AD98-B386BAB084F7}"
EndProject
Project("{2150E333-8FDC-42A3-9474-1A3956D46DE8}") = "test", "test", "{92BF6CAC-9193-4BF3-90A3-397158F6A361}"
EndProject
Project("{8BB2217D-0F2D-49D1-97BC-3654ED321F3B}") = "QuickPayTest", "test\QuickPayTest\QuickPayTest.xproj", "{B50E6039-62C1-438D-90EB-9223B5E005DA}"
EndProject
Project("{8BB2217D-0F2D-49D1-97BC-3654ED321F3B}") = "QuickPayConsoleTest", "test\QuickPayConsoleTest\QuickPayConsoleTest.xproj", "{7275A9A2-082B-4CE5-AC88-3594B4994733}"
EndProject
Global
	GlobalSection(SolutionConfigurationPlatforms) = preSolution
		Debug|Any CPU = Debug|Any CPU
		Release|Any CPU = Release|Any CPU
	EndGlobalSection
	GlobalSection(ProjectConfigurationPlatforms) = postSolution
		{CA6A4CA0-2C39-42CE-AD98-B386BAB084F7}.Debug|Any CPU.ActiveCfg = Debug|Any CPU
		{CA6A4CA0-2C39-42CE-AD98-B386BAB084F7}.Debug|Any CPU.Build.0 = Debug|Any CPU
		{CA6A4CA0-2C39-42CE-AD98-B386BAB084F7}.Release|Any CPU.ActiveCfg = Release|Any CPU
		{CA6A4CA0-2C39-42CE-AD98-B386BAB084F7}.Release|Any CPU.Build.0 = Release|Any CPU
		{B50E6039-62C1-438D-90EB-9223B5E005DA}.Debug|Any CPU.ActiveCfg = Debug|Any CPU
		{B50E6039-62C1-438D-90EB-9223B5E005DA}.Debug|Any CPU.Build.0 = Debug|Any CPU
		{B50E6039-62C1-438D-90EB-9223B5E005DA}.Release|Any CPU.ActiveCfg = Release|Any CPU
		{B50E6039-62C1-438D-90EB-9223B5E005DA}.Release|Any CPU.Build.0 = Release|Any CPU
		{7275A9A2-082B-4CE5-AC88-3594B4994733}.Debug|Any CPU.ActiveCfg = Debug|Any CPU
		{7275A9A2-082B-4CE5-AC88-3594B4994733}.Debug|Any CPU.Build.0 = Debug|Any CPU
		{7275A9A2-082B-4CE5-AC88-3594B4994733}.Release|Any CPU.ActiveCfg = Release|Any CPU
		{7275A9A2-082B-4CE5-AC88-3594B4994733}.Release|Any CPU.Build.0 = Release|Any CPU
	EndGlobalSection
	GlobalSection(SolutionProperties) = preSolution
		HideSolutionNode = FALSE
	EndGlobalSection
	GlobalSection(NestedProjects) = preSolution
		{CA6A4CA0-2C39-42CE-AD98-B386BAB084F7} = {500D65FF-1987-4295-8CB8-E36E671395EF}
		{B50E6039-62C1-438D-90EB-9223B5E005DA} = {92BF6CAC-9193-4BF3-90A3-397158F6A361}
		{7275A9A2-082B-4CE5-AC88-3594B4994733} = {92BF6CAC-9193-4BF3-90A3-397158F6A361}
	EndGlobalSection
EndGlobal
